Microsoft Visual Studio Solution File, Format Version 12.00
# Visual Studio Version 17
VisualStudioVersion = 17.5.2.0
MinimumVisualStudioVersion = 10.0.40219.1
Project("{9A19103F-16F7-4668-BE54-9A1E7A4F7556}") = "legacy_api", "legacy_api.csproj", "{9E6A78A8-A45B-28B3-3F5F-1AD11131F466}"
EndProject
Project("{FAE04EC0-301F-11D3-BF4B-00C04F79EFBC}") = "Legacy_api.Application", "..\Legacy_api.Application\Legacy_api.Application.csproj", "{2341ECAB-FA35-4A4F-B4D9-A376666D3600}"
EndProject
Project("{FAE04EC0-301F-11D3-BF4B-00C04F79EFBC}") = "Legacy_api.Services", "..\Legacy_api.Services\Legacy_api.Services.csproj", "{233917A6-D03C-47FD-BE41-78A584BB07A4}"
EndProject
Project("{FAE04EC0-301F-11D3-BF4B-00C04F79EFBC}") = "Legacy_api.Models", "..\Legacy_api.Models\Legacy_api.Models.csproj", "{D49DF2B5-7907-4388-AAA2-0EB0884499FC}"
EndProject
Project("{2150E333-8FDC-42A3-9474-1A3956D46DE8}") = "Solution Items", "Solution Items", "{1E687497-0139-476E-8ECD-C181FE2B81A2}"
EndProject
Global
	GlobalSection(SolutionConfigurationPlatforms) = preSolution
		Debug|Any CPU = Debug|Any CPU
		Release|Any CPU = Release|Any CPU
	EndGlobalSection
	GlobalSection(ProjectConfigurationPlatforms) = postSolution
		{9E6A78A8-A45B-28B3-3F5F-1AD11131F466}.Debug|Any CPU.ActiveCfg = Debug|Any CPU
		{9E6A78A8-A45B-28B3-3F5F-1AD11131F466}.Debug|Any CPU.Build.0 = Debug|Any CPU
		{9E6A78A8-A45B-28B3-3F5F-1AD11131F466}.Release|Any CPU.ActiveCfg = Release|Any CPU
		{9E6A78A8-A45B-28B3-3F5F-1AD11131F466}.Release|Any CPU.Build.0 = Release|Any CPU
		{2341ECAB-FA35-4A4F-B4D9-A376666D3600}.Debug|Any CPU.ActiveCfg = Debug|Any CPU
		{2341ECAB-FA35-4A4F-B4D9-A376666D3600}.Debug|Any CPU.Build.0 = Debug|Any CPU
		{2341ECAB-FA35-4A4F-B4D9-A376666D3600}.Release|Any CPU.ActiveCfg = Release|Any CPU
		{2341ECAB-FA35-4A4F-B4D9-A376666D3600}.Release|Any CPU.Build.0 = Release|Any CPU
		{233917A6-D03C-47FD-BE41-78A584BB07A4}.Debug|Any CPU.ActiveCfg = Debug|Any CPU
		{233917A6-D03C-47FD-BE41-78A584BB07A4}.Debug|Any CPU.Build.0 = Debug|Any CPU
		{233917A6-D03C-47FD-BE41-78A584BB07A4}.Release|Any CPU.ActiveCfg = Release|Any CPU
		{233917A6-D03C-47FD-BE41-78A584BB07A4}.Release|Any CPU.Build.0 = Release|Any CPU
		{D49DF2B5-7907-4388-AAA2-0EB0884499FC}.Debug|Any CPU.ActiveCfg = Debug|Any CPU
		{D49DF2B5-7907-4388-AAA2-0EB0884499FC}.Debug|Any CPU.Build.0 = Debug|Any CPU
		{D49DF2B5-7907-4388-AAA2-0EB0884499FC}.Release|Any CPU.ActiveCfg = Release|Any CPU
		{D49DF2B5-7907-4388-AAA2-0EB0884499FC}.Release|Any CPU.Build.0 = Release|Any CPU
	EndGlobalSection
	GlobalSection(SolutionProperties) = preSolution
		HideSolutionNode = FALSE
	EndGlobalSection
	GlobalSection(ExtensibilityGlobals) = postSolution
		SolutionGuid = {9AEEB85E-756C-48A6-9E09-0F4D19E4481D}
	EndGlobalSection
EndGlobal
